
Microsoft Visual Studio Solution File, Format Version 12.00
# Visual Studio Version 16
VisualStudioVersion = 16.0.30225.117
MinimumVisualStudioVersion = 10.0.40219.1
Project("{FAE04EC0-301F-11D3-BF4B-00C04F79EFBC}") = "AirtekProject", "AirtekProject\AirtekProject.csproj", "{32CA4ABF-B35B-4A74-880C-E0CA473E48AD}"
EndProject
Global
	GlobalSection(SolutionConfigurationPlatforms) = preSolution
		Debug|Any CPU = Debug|Any CPU
		Release|Any CPU = Release|Any CPU
	EndGlobalSection
	GlobalSection(ProjectConfigurationPlatforms) = postSolution
		{32CA4ABF-B35B-4A74-880C-E0CA473E48AD}.Debug|Any CPU.ActiveCfg = Debug|Any CPU
		{32CA4ABF-B35B-4A74-880C-E0CA473E48AD}.Debug|Any CPU.Build.0 = Debug|Any CPU
		{32CA4ABF-B35B-4A74-880C-E0CA473E48AD}.Release|Any CPU.ActiveCfg = Release|Any CPU
		{32CA4ABF-B35B-4A74-880C-E0CA473E48AD}.Release|Any CPU.Build.0 = Release|Any CPU
	EndGlobalSection
	GlobalSection(SolutionProperties) = preSolution
		HideSolutionNode = FALSE
	EndGlobalSection
	GlobalSection(ExtensibilityGlobals) = postSolution
		SolutionGuid = {FA12CFF3-1E26-4ABA-8ED1-FF68D81112CC}
	EndGlobalSection
EndGlobal
